// !$*UTF8*$!
{
	archiveVersion = 1;
	classes = {
	};
	objectVersion = 46;
	objects = {

/* Begin PBXBuildFile section */
		A371C2731BF0C17200A7D4C7 /* main.m in Sources */ = {isa = PBXBuildFile; fileRef = A371C2721BF0C17200A7D4C7 /* main.m */; };
		A371C2761BF0C17200A7D4C7 /* AppDelegate.m in Sources */ = {isa = PBXBuildFile; fileRef = A371C2751BF0C17200A7D4C7 /* AppDelegate.m */; };
		A371C2791BF0C17200A7D4C7 /* FirstViewController.m in Sources */ = {isa = PBXBuildFile; fileRef = A371C2781BF0C17200A7D4C7 /* FirstViewController.m */; };
		A371C27C1BF0C17200A7D4C7 /* SecondViewController.m in Sources */ = {isa = PBXBuildFile; fileRef = A371C27B1BF0C17200A7D4C7 /* SecondViewController.m */; };
		A371C27F1BF0C17200A7D4C7 /* Main.storyboard in Resources */ = {isa = PBXBuildFile; fileRef = A371C27D1BF0C17200A7D4C7 /* Main.storyboard */; };
		A371C2811BF0C17200A7D4C7 /* Assets.xcassets in Resources */ = {isa = PBXBuildFile; fileRef = A371C2801BF0C17200A7D4C7 /* Assets.xcassets */; };
		A371C2841BF0C17200A7D4C7 /* LaunchScreen.storyboard in Resources */ = {isa = PBXBuildFile; fileRef = A371C2821BF0C17200A7D4C7 /* LaunchScreen.storyboard */; };
		A371C2961BF0C19900A7D4C7 /* ALContext.m in Sources */ = {isa = PBXBuildFile; fileRef = A371C28D1BF0C19900A7D4C7 /* ALContext.m */; };
		A371C29C1BF0C3E300A7D4C7 /* TabBarLauncherModule.m in Sources */ = {isa = PBXBuildFile; fileRef = A371C29B1BF0C3E300A7D4C7 /* TabBarLauncherModule.m */; };
		A371C2A01BF0CACA00A7D4C7 /* TabBarServiceImpl.m in Sources */ = {isa = PBXBuildFile; fileRef = A371C29F1BF0CACA00A7D4C7 /* TabBarServiceImpl.m */; };
		A3D1F7051BFDF1E700E3D16F /* ALTask.m in Sources */ = {isa = PBXBuildFile; fileRef = A3D1F7041BFDF1E700E3D16F /* ALTask.m */; };
		A3D1F7081BFE033200E3D16F /* Task1.m in Sources */ = {isa = PBXBuildFile; fileRef = A3D1F7071BFE033200E3D16F /* Task1.m */; };
		A3D1F70B1BFE034100E3D16F /* Task2.m in Sources */ = {isa = PBXBuildFile; fileRef = A3D1F70A1BFE034100E3D16F /* Task2.m */; };
		A3D1F70E1BFE034D00E3D16F /* Task3.m in Sources */ = {isa = PBXBuildFile; fileRef = A3D1F70D1BFE034D00E3D16F /* Task3.m */; };
		A3D1F7111BFE035900E3D16F /* Task4.m in Sources */ = {isa = PBXBuildFile; fileRef = A3D1F7101BFE035900E3D16F /* Task4.m */; };
		A3D1F7141BFE036700E3D16F /* Task5.m in Sources */ = {isa = PBXBuildFile; fileRef = A3D1F7131BFE036700E3D16F /* Task5.m */; };
/* End PBXBuildFile section */

/* Begin PBXFileReference section */
		A371C26E1BF0C17200A7D4C7 /* AppLordDemo.app */ = {isa = PBXFileReference; explicitFileType = wrapper.application; includeInIndex = 0; path = AppLordDemo.app; sourceTree = BUILT_PRODUCTS_DIR; };
		A371C2721BF0C17200A7D4C7 /* main.m */ = {isa = PBXFileReference; lastKnownFileType = sourcecode.c.objc; path = main.m; sourceTree = "<group>"; };
		A371C2741BF0C17200A7D4C7 /* AppDelegate.h */ = {isa = PBXFileReference; lastKnownFileType = sourcecode.c.h; path = AppDelegate.h; sourceTree = "<group>"; };
		A371C2751BF0C17200A7D4C7 /* AppDelegate.m */ = {isa = PBXFileReference; lastKnownFileType = sourcecode.c.objc; path = AppDelegate.m; sourceTree = "<group>"; };
		A371C2771BF0C17200A7D4C7 /* FirstViewController.h */ = {isa = PBXFileReference; lastKnownFileType = sourcecode.c.h; path = FirstViewController.h; sourceTree = "<group>"; };
		A371C2781BF0C17200A7D4C7 /* FirstViewController.m */ = {isa = PBXFileReference; lastKnownFileType = sourcecode.c.objc; path = FirstViewController.m; sourceTree = "<group>"; };
		A371C27A1BF0C17200A7D4C7 /* SecondViewController.h */ = {isa = PBXFileReference; lastKnownFileType = sourcecode.c.h; path = SecondViewController.h; sourceTree = "<group>"; };
		A371C27B1BF0C17200A7D4C7 /* SecondViewController.m */ = {isa = PBXFileReference; lastKnownFileType = sourcecode.c.objc; path = SecondViewController.m; sourceTree = "<group>"; };
		A371C27E1BF0C17200A7D4C7 /* Base */ = {isa = PBXFileReference; lastKnownFileType = file.storyboard; name = Base; path = Base.lproj/Main.storyboard; sourceTree = "<group>"; };
		A371C2801BF0C17200A7D4C7 /* Assets.xcassets */ = {isa = PBXFileReference; lastKnownFileType = folder.assetcatalog; path = Assets.xcassets; sourceTree = "<group>"; };
		A371C2831BF0C17200A7D4C7 /* Base */ = {isa = PBXFileReference; lastKnownFileType = file.storyboard; name = Base; path = Base.lproj/LaunchScreen.storyboard; sourceTree = "<group>"; };
		A371C2851BF0C17200A7D4C7 /* Info.plist */ = {isa = PBXFileReference; lastKnownFileType = text.plist.xml; path = Info.plist; sourceTree = "<group>"; };
		A371C28C1BF0C19900A7D4C7 /* ALContext.h */ = {isa = PBXFileReference; fileEncoding = 4; lastKnownFileType = sourcecode.c.h; path = ALContext.h; sourceTree = "<group>"; };
		A371C28D1BF0C19900A7D4C7 /* ALContext.m */ = {isa = PBXFileReference; fileEncoding = 4; lastKnownFileType = sourcecode.c.objc; path = ALContext.m; sourceTree = "<group>"; };
		A371C2921BF0C19900A7D4C7 /* ALModule.h */ = {isa = PBXFileReference; fileEncoding = 4; lastKnownFileType = sourcecode.c.h; path = ALModule.h; sourceTree = "<group>"; };
		A371C2931BF0C19900A7D4C7 /* ALService.h */ = {isa = PBXFileReference; fileEncoding = 4; lastKnownFileType = sourcecode.c.h; path = ALService.h; sourceTree = "<group>"; };
		A371C2941BF0C19900A7D4C7 /* AppLord.h */ = {isa = PBXFileReference; fileEncoding = 4; lastKnownFileType = sourcecode.c.h; path = AppLord.h; sourceTree = "<group>"; };
		A371C29A1BF0C3E300A7D4C7 /* TabBarLauncherModule.h */ = {isa = PBXFileReference; fileEncoding = 4; lastKnownFileType = sourcecode.c.h; path = TabBarLauncherModule.h; sourceTree = "<group>"; };
		A371C29B1BF0C3E300A7D4C7 /* TabBarLauncherModule.m */ = {isa = PBXFileReference; fileEncoding = 4; lastKnownFileType = sourcecode.c.objc; path = TabBarLauncherModule.m; sourceTree = "<group>"; };
		A371C29E1BF0CACA00A7D4C7 /* TabBarServiceImpl.h */ = {isa = PBXFileReference; fileEncoding = 4; lastKnownFileType = sourcecode.c.h; path = TabBarServiceImpl.h; sourceTree = "<group>"; };
		A371C29F1BF0CACA00A7D4C7 /* TabBarServiceImpl.m */ = {isa = PBXFileReference; fileEncoding = 4; lastKnownFileType = sourcecode.c.objc; path = TabBarServiceImpl.m; sourceTree = "<group>"; };
		A371C2A11BF0CADC00A7D4C7 /* TabBarService.h */ = {isa = PBXFileReference; fileEncoding = 4; lastKnownFileType = sourcecode.c.h; path = TabBarService.h; sourceTree = "<group>"; };
		A3B9D4471DDC0E5A00546C8C /* ALMacros.h */ = {isa = PBXFileReference; fileEncoding = 4; lastKnownFileType = sourcecode.c.h; path = ALMacros.h; sourceTree = "<group>"; };
		A3D1F7031BFDF1E700E3D16F /* ALTask.h */ = {isa = PBXFileReference; fileEncoding = 4; lastKnownFileType = sourcecode.c.h; path = ALTask.h; sourceTree = "<group>"; };
		A3D1F7041BFDF1E700E3D16F /* ALTask.m */ = {isa = PBXFileReference; fileEncoding = 4; lastKnownFileType = sourcecode.c.objc; path = ALTask.m; sourceTree = "<group>"; };
		A3D1F7061BFE033200E3D16F /* Task1.h */ = {isa = PBXFileReference; fileEncoding = 4; lastKnownFileType = sourcecode.c.h; path = Task1.h; sourceTree = "<group>"; };
		A3D1F7071BFE033200E3D16F /* Task1.m */ = {isa = PBXFileReference; fileEncoding = 4; lastKnownFileType = sourcecode.c.objc; path = Task1.m; sourceTree = "<group>"; };
		A3D1F7091BFE034100E3D16F /* Task2.h */ = {isa = PBXFileReference; fileEncoding = 4; lastKnownFileType = sourcecode.c.h; path = Task2.h; sourceTree = "<group>"; };
		A3D1F70A1BFE034100E3D16F /* Task2.m */ = {isa = PBXFileReference; fileEncoding = 4; lastKnownFileType = sourcecode.c.objc; path = Task2.m; sourceTree = "<group>"; };
		A3D1F70C1BFE034D00E3D16F /* Task3.h */ = {isa = PBXFileReference; fileEncoding = 4; lastKnownFileType = sourcecode.c.h; path = Task3.h; sourceTree = "<group>"; };
		A3D1F70D1BFE034D00E3D16F /* Task3.m */ = {isa = PBXFileReference; fileEncoding = 4; lastKnownFileType = sourcecode.c.objc; path = Task3.m; sourceTree = "<group>"; };
		A3D1F70F1BFE035900E3D16F /* Task4.h */ = {isa = PBXFileReference; fileEncoding = 4; lastKnownFileType = sourcecode.c.h; path = Task4.h; sourceTree = "<group>"; };
		A3D1F7101BFE035900E3D16F /* Task4.m */ = {isa = PBXFileReference; fileEncoding = 4; lastKnownFileType = sourcecode.c.objc; path = Task4.m; sourceTree = "<group>"; };
		A3D1F7121BFE036700E3D16F /* Task5.h */ = {isa = PBXFileReference; fileEncoding = 4; lastKnownFileType = sourcecode.c.h; path = Task5.h; sourceTree = "<group>"; };
		A3D1F7131BFE036700E3D16F /* Task5.m */ = {isa = PBXFileReference; fileEncoding = 4; lastKnownFileType = sourcecode.c.objc; path = Task5.m; sourceTree = "<group>"; };
/* End PBXFileReference section */

/* Begin PBXFrameworksBuildPhase section */
		A371C26B1BF0C17200A7D4C7 /* Frameworks */ = {
			isa = PBXFrameworksBuildPhase;
			buildActionMask = 2147483647;
			files = (
			);
			runOnlyForDeploymentPostprocessing = 0;
		};
/* End PBXFrameworksBuildPhase section */

/* Begin PBXGroup section */
		A371C2651BF0C17200A7D4C7 = {
			isa = PBXGroup;
			children = (
				A371C28B1BF0C19900A7D4C7 /* AppLord */,
				A371C2701BF0C17200A7D4C7 /* AppLordDemo */,
				A371C26F1BF0C17200A7D4C7 /* Products */,
			);
			sourceTree = "<group>";
		};
		A371C26F1BF0C17200A7D4C7 /* Products */ = {
			isa = PBXGroup;
			children = (
				A371C26E1BF0C17200A7D4C7 /* AppLordDemo.app */,
			);
			name = Products;
			sourceTree = "<group>";
		};
		A371C2701BF0C17200A7D4C7 /* AppLordDemo */ = {
			isa = PBXGroup;
			children = (
				A371C2741BF0C17200A7D4C7 /* AppDelegate.h */,
				A371C2751BF0C17200A7D4C7 /* AppDelegate.m */,
				A371C2771BF0C17200A7D4C7 /* FirstViewController.h */,
				A371C2781BF0C17200A7D4C7 /* FirstViewController.m */,
				A371C27A1BF0C17200A7D4C7 /* SecondViewController.h */,
				A371C27B1BF0C17200A7D4C7 /* SecondViewController.m */,
				A371C27D1BF0C17200A7D4C7 /* Main.storyboard */,
				A371C2801BF0C17200A7D4C7 /* Assets.xcassets */,
				A371C2821BF0C17200A7D4C7 /* LaunchScreen.storyboard */,
				A371C2851BF0C17200A7D4C7 /* Info.plist */,
				A371C2711BF0C17200A7D4C7 /* Supporting Files */,
				A371C29A1BF0C3E300A7D4C7 /* TabBarLauncherModule.h */,
				A371C29B1BF0C3E300A7D4C7 /* TabBarLauncherModule.m */,
				A371C29E1BF0CACA00A7D4C7 /* TabBarServiceImpl.h */,
				A371C29F1BF0CACA00A7D4C7 /* TabBarServiceImpl.m */,
				A371C2A11BF0CADC00A7D4C7 /* TabBarService.h */,
				A3D1F7061BFE033200E3D16F /* Task1.h */,
				A3D1F7071BFE033200E3D16F /* Task1.m */,
				A3D1F7091BFE034100E3D16F /* Task2.h */,
				A3D1F70A1BFE034100E3D16F /* Task2.m */,
				A3D1F70C1BFE034D00E3D16F /* Task3.h */,
				A3D1F70D1BFE034D00E3D16F /* Task3.m */,
				A3D1F70F1BFE035900E3D16F /* Task4.h */,
				A3D1F7101BFE035900E3D16F /* Task4.m */,
				A3D1F7121BFE036700E3D16F /* Task5.h */,
				A3D1F7131BFE036700E3D16F /* Task5.m */,
			);
			path = AppLordDemo;
			sourceTree = "<group>";
		};
		A371C2711BF0C17200A7D4C7 /* Supporting Files */ = {
			isa = PBXGroup;
			children = (
				A371C2721BF0C17200A7D4C7 /* main.m */,
			);
			name = "Supporting Files";
			sourceTree = "<group>";
		};
		A371C28B1BF0C19900A7D4C7 /* AppLord */ = {
			isa = PBXGroup;
			children = (
				A3B9D4471DDC0E5A00546C8C /* ALMacros.h */,
				A371C28C1BF0C19900A7D4C7 /* ALContext.h */,
				A371C28D1BF0C19900A7D4C7 /* ALContext.m */,
				A371C2921BF0C19900A7D4C7 /* ALModule.h */,
				A371C2931BF0C19900A7D4C7 /* ALService.h */,
				A371C2941BF0C19900A7D4C7 /* AppLord.h */,
				A3D1F7031BFDF1E700E3D16F /* ALTask.h */,
				A3D1F7041BFDF1E700E3D16F /* ALTask.m */,
			);
			name = AppLord;
			path = ../../AppLord;
			sourceTree = "<group>";
		};
/* End PBXGroup section */

/* Begin PBXNativeTarget section */
		A371C26D1BF0C17200A7D4C7 /* AppLordDemo */ = {
			isa = PBXNativeTarget;
			buildConfigurationList = A371C2881BF0C17200A7D4C7 /* Build configuration list for PBXNativeTarget "AppLordDemo" */;
			buildPhases = (
				A371C26A1BF0C17200A7D4C7 /* Sources */,
				A371C26B1BF0C17200A7D4C7 /* Frameworks */,
				A371C26C1BF0C17200A7D4C7 /* Resources */,
			);
			buildRules = (
			);
			dependencies = (
			);
			name = AppLordDemo;
			productName = AppLordDemo;
			productReference = A371C26E1BF0C17200A7D4C7 /* AppLordDemo.app */;
			productType = "com.apple.product-type.application";
		};
/* End PBXNativeTarget section */

/* Begin PBXProject section */
		A371C2661BF0C17200A7D4C7 /* Project object */ = {
			isa = PBXProject;
			attributes = {
				LastUpgradeCheck = 0710;
				ORGANIZATIONNAME = cnbluebox;
				TargetAttributes = {
					A371C26D1BF0C17200A7D4C7 = {
						CreatedOnToolsVersion = 7.1;
						DevelopmentTeam = N44L3X6FN9;
					};
				};
			};
			buildConfigurationList = A371C2691BF0C17200A7D4C7 /* Build configuration list for PBXProject "AppLordDemo" */;
			compatibilityVersion = "Xcode 3.2";
			developmentRegion = English;
			hasScannedForEncodings = 0;
			knownRegions = (
				en,
				Base,
			);
			mainGroup = A371C2651BF0C17200A7D4C7;
			productRefGroup = A371C26F1BF0C17200A7D4C7 /* Products */;
			projectDirPath = "";
			projectRoot = "";
			targets = (
				A371C26D1BF0C17200A7D4C7 /* AppLordDemo */,
			);
		};
/* End PBXProject section */

/* Begin PBXResourcesBuildPhase section */
		A371C26C1BF0C17200A7D4C7 /* Resources */ = {
			isa = PBXResourcesBuildPhase;
			buildActionMask = 2147483647;
			files = (
				A371C2841BF0C17200A7D4C7 /* LaunchScreen.storyboard in Resources */,
				A371C2811BF0C17200A7D4C7 /* Assets.xcassets in Resources */,
				A371C27F1BF0C17200A7D4C7 /* Main.storyboard in Resources */,
			);
			runOnlyForDeploymentPostprocessing = 0;
		};
/* End PBXResourcesBuildPhase section */

/* Begin PBXSourcesBuildPhase section */
		A371C26A1BF0C17200A7D4C7 /* Sources */ = {
			isa = PBXSourcesBuildPhase;
			buildActionMask = 2147483647;
			files = (
				A371C27C1BF0C17200A7D4C7 /* SecondViewController.m in Sources */,
				A3D1F70E1BFE034D00E3D16F /* Task3.m in Sources */,
				A371C2761BF0C17200A7D4C7 /* AppDelegate.m in Sources */,
				A3D1F70B1BFE034100E3D16F /* Task2.m in Sources */,
				A3D1F7141BFE036700E3D16F /* Task5.m in Sources */,
				A371C2961BF0C19900A7D4C7 /* ALContext.m in Sources */,
				A371C29C1BF0C3E300A7D4C7 /* TabBarLauncherModule.m in Sources */,
				A371C2A01BF0CACA00A7D4C7 /* TabBarServiceImpl.m in Sources */,
				A3D1F7081BFE033200E3D16F /* Task1.m in Sources */,
				A3D1F7051BFDF1E700E3D16F /* ALTask.m in Sources */,
				A371C2791BF0C17200A7D4C7 /* FirstViewController.m in Sources */,
				A371C2731BF0C17200A7D4C7 /* main.m in Sources */,
				A3D1F7111BFE035900E3D16F /* Task4.m in Sources */,
			);
			runOnlyForDeploymentPostprocessing = 0;
		};
/* End PBXSourcesBuildPhase section */

/* Begin PBXVariantGroup section */
		A371C27D1BF0C17200A7D4C7 /* Main.storyboard */ = {
			isa = PBXVariantGroup;
			children = (
				A371C27E1BF0C17200A7D4C7 /* Base */,
			);
			name = Main.storyboard;
			sourceTree = "<group>";
		};
		A371C2821BF0C17200A7D4C7 /* LaunchScreen.storyboard */ = {
			isa = PBXVariantGroup;
			children = (
				A371C2831BF0C17200A7D4C7 /* Base */,
			);
			name = LaunchScreen.storyboard;
			sourceTree = "<group>";
		};
/* End PBXVariantGroup section */

/* Begin XCBuildConfiguration section */
		A371C2861BF0C17200A7D4C7 /* Debug */ = {
			isa = XCBuildConfiguration;
			buildSettings = {
				ALWAYS_SEARCH_USER_PATHS = NO;
				CLANG_CXX_LANGUAGE_STANDARD = "gnu++0x";
				CLANG_CXX_LIBRARY = "libc++";
				CLANG_ENABLE_MODULES = YES;
				CLANG_ENABLE_OBJC_ARC = YES;
				CLANG_WARN_BOOL_CONVERSION = YES;
				CLANG_WARN_CONSTANT_CONVERSION = YES;
				CLANG_WARN_DIRECT_OBJC_ISA_USAGE = YES_ERROR;
				CLANG_WARN_EMPTY_BODY = YES;
				CLANG_WARN_ENUM_CONVERSION = YES;
				CLANG_WARN_INT_CONVERSION = YES;
				CLANG_WARN_OBJC_ROOT_CLASS = YES_ERROR;
				CLANG_WARN_UNREACHABLE_CODE = YES;
				CLANG_WARN__DUPLICATE_METHOD_MATCH = YES;
				"CODE_SIGN_IDENTITY[sdk=iphoneos*]" = "iPhone Developer";
				COPY_PHASE_STRIP = NO;
				DEBUG_INFORMATION_FORMAT = dwarf;
				ENABLE_STRICT_OBJC_MSGSEND = YES;
				ENABLE_TESTABILITY = YES;
				GCC_C_LANGUAGE_STANDARD = gnu99;
				GCC_DYNAMIC_NO_PIC = NO;
				GCC_NO_COMMON_BLOCKS = YES;
				GCC_OPTIMIZATION_LEVEL = 0;
				GCC_PREPROCESSOR_DEFINITIONS = (
					"DEBUG=1",
					"$(inherited)",
				);
				GCC_WARN_64_TO_32_BIT_CONVERSION = YES;
				GCC_WARN_ABOUT_RETURN_TYPE = YES_ERROR;
				GCC_WARN_UNDECLARED_SELECTOR = YES;
				GCC_WARN_UNINITIALIZED_AUTOS = YES_AGGRESSIVE;
				GCC_WARN_UNUSED_FUNCTION = YES;
				GCC_WARN_UNUSED_VARIABLE = YES;
				IPHONEOS_DEPLOYMENT_TARGET = 7.0;
				MTL_ENABLE_DEBUG_INFO = YES;
				ONLY_ACTIVE_ARCH = YES;
				SDKROOT = iphoneos;
				TARGETED_DEVICE_FAMILY = "1,2";
			};
			name = Debug;
		};
		A371C2871BF0C17200A7D4C7 /* Release */ = {
			isa = XCBuildConfiguration;
			buildSettings = {
				ALWAYS_SEARCH_USER_PATHS = NO;
				CLANG_CXX_LANGUAGE_STANDARD = "gnu++0x";
				CLANG_CXX_LIBRARY = "libc++";
				CLANG_ENABLE_MODULES = YES;
				CLANG_ENABLE_OBJC_ARC = YES;
				CLANG_WARN_BOOL_CONVERSION = YES;
				CLANG_WARN_CONSTANT_CONVERSION = YES;
				CLANG_WARN_DIRECT_OBJC_ISA_USAGE = YES_ERROR;
				CLANG_WARN_EMPTY_BODY = YES;
				CLANG_WARN_ENUM_CONVERSION = YES;
				CLANG_WARN_INT_CONVERSION = YES;
				CLANG_WARN_OBJC_ROOT_CLASS = YES_ERROR;
				CLANG_WARN_UNREACHABLE_CODE = YES;
				CLANG_WARN__DUPLICATE_METHOD_MATCH = YES;
				"CODE_SIGN_IDENTITY[sdk=iphoneos*]" = "iPhone Developer";
				COPY_PHASE_STRIP = NO;
				DEBUG_INFORMATION_FORMAT = "dwarf-with-dsym";
				ENABLE_NS_ASSERTIONS = NO;
				ENABLE_STRICT_OBJC_MSGSEND = YES;
				GCC_C_LANGUAGE_STANDARD = gnu99;
				GCC_NO_COMMON_BLOCKS = YES;
				GCC_WARN_64_TO_32_BIT_CONVERSION = YES;
				GCC_WARN_ABOUT_RETURN_TYPE = YES_ERROR;
				GCC_WARN_UNDECLARED_SELECTOR = YES;
				GCC_WARN_UNINITIALIZED_AUTOS = YES_AGGRESSIVE;
				GCC_WARN_UNUSED_FUNCTION = YES;
				GCC_WARN_UNUSED_VARIABLE = YES;
				IPHONEOS_DEPLOYMENT_TARGET = 7.0;
				MTL_ENABLE_DEBUG_INFO = NO;
				SDKROOT = iphoneos;
				TARGETED_DEVICE_FAMILY = "1,2";
				VALIDATE_PRODUCT = YES;
			};
			name = Release;
		};
		A371C2891BF0C17200A7D4C7 /* Debug */ = {
			isa = XCBuildConfiguration;
			buildSettings = {
				ASSETCATALOG_COMPILER_APPICON_NAME = AppIcon;
				CODE_SIGN_IDENTITY = "iPhone Developer";
				HEADER_SEARCH_PATHS = ../../;
				INFOPLIST_FILE = AppLordDemo/Info.plist;
				LD_RUNPATH_SEARCH_PATHS = "$(inherited) @executable_path/Frameworks";
				PRODUCT_BUNDLE_IDENTIFIER = com.cnbluebox.AppLordDemo;
				PRODUCT_NAME = "$(TARGET_NAME)";
			};
			name = Debug;
		};
		A371C28A1BF0C17200A7D4C7 /* Release */ = {
			isa = XCBuildConfiguration;
			buildSettings = {
				ASSETCATALOG_COMPILER_APPICON_NAME = AppIcon;
				CODE_SIGN_IDENTITY = "iPhone Developer";
				HEADER_SEARCH_PATHS = ../../;
				INFOPLIST_FILE = AppLordDemo/Info.plist;
				LD_RUNPATH_SEARCH_PATHS = "$(inherited) @executable_path/Frameworks";
				PRODUCT_BUNDLE_IDENTIFIER = com.cnbluebox.AppLordDemo;
				PRODUCT_NAME = "$(TARGET_NAME)";
			};
			name = Release;
		};
/* End XCBuildConfiguration section */

/* Begin XCConfigurationList section */
		A371C2691BF0C17200A7D4C7 /* Build configuration list for PBXProject "AppLordDemo" */ = {
			isa = XCConfigurationList;
			buildConfigurations = (
				A371C2861BF0C17200A7D4C7 /* Debug */,
				A371C2871BF0C17200A7D4C7 /* Release */,
			);
			defaultConfigurationIsVisible = 0;
			defaultConfigurationName = Release;
		};
		A371C2881BF0C17200A7D4C7 /* Build configuration list for PBXNativeTarget "AppLordDemo" */ = {
			isa = XCConfigurationList;
			buildConfigurations = (
				A371C2891BF0C17200A7D4C7 /* Debug */,
				A371C28A1BF0C17200A7D4C7 /* Release */,
			);
			defaultConfigurationIsVisible = 0;
			defaultConfigurationName = Release;
		};
/* End XCConfigurationList section */
	};
	rootObject = A371C2661BF0C17200A7D4C7 /* Project object */;
}
