// !$*UTF8*$!
{
	archiveVersion = 1;
	classes = {
	};
	objectVersion = 46;
	objects = {

/* Begin PBXBuildFile section */
		A371C2461BF0798D00A7D4C7 /* AppLord.h in Headers */ = {isa = PBXBuildFile; fileRef = A371C2451BF0798D00A7D4C7 /* AppLord.h */; settings = {ATTRIBUTES = (Public, ); }; };
		A371C2531BF07ABE00A7D4C7 /* ALContext.h in Headers */ = {isa = PBXBuildFile; fileRef = A371C2511BF07ABE00A7D4C7 /* ALContext.h */; settings = {ATTRIBUTES = (Public, ); }; };
		A371C2541BF07ABE00A7D4C7 /* ALContext.m in Sources */ = {isa = PBXBuildFile; fileRef = A371C2521BF07ABE00A7D4C7 /* ALContext.m */; };
		A371C2571BF07ACC00A7D4C7 /* ALService.h in Headers */ = {isa = PBXBuildFile; fileRef = A371C2551BF07ACC00A7D4C7 /* ALService.h */; settings = {ATTRIBUTES = (Public, ); }; };
		A371C25B1BF07ADD00A7D4C7 /* ALModule.h in Headers */ = {isa = PBXBuildFile; fileRef = A371C2591BF07ADD00A7D4C7 /* ALModule.h */; settings = {ATTRIBUTES = (Public, ); }; };
		A3C7B2221C7DE4EC00C766BA /* ALTask.h in Headers */ = {isa = PBXBuildFile; fileRef = A3C7B2201C7DE4EC00C766BA /* ALTask.h */; settings = {ATTRIBUTES = (Public, ); }; };
		A3C7B2231C7DE4EC00C766BA /* ALTask.m in Sources */ = {isa = PBXBuildFile; fileRef = A3C7B2211C7DE4EC00C766BA /* ALTask.m */; };
/* End PBXBuildFile section */

/* Begin PBXFileReference section */
		A371C2421BF0798D00A7D4C7 /* AppLord.framework */ = {isa = PBXFileReference; explicitFileType = wrapper.framework; includeInIndex = 0; path = AppLord.framework; sourceTree = BUILT_PRODUCTS_DIR; };
		A371C2451BF0798D00A7D4C7 /* AppLord.h */ = {isa = PBXFileReference; lastKnownFileType = sourcecode.c.h; path = AppLord.h; sourceTree = "<group>"; };
		A371C2471BF0798E00A7D4C7 /* Info.plist */ = {isa = PBXFileReference; lastKnownFileType = text.plist.xml; path = Info.plist; sourceTree = "<group>"; };
		A371C2511BF07ABE00A7D4C7 /* ALContext.h */ = {isa = PBXFileReference; fileEncoding = 4; lastKnownFileType = sourcecode.c.h; path = ALContext.h; sourceTree = "<group>"; };
		A371C2521BF07ABE00A7D4C7 /* ALContext.m */ = {isa = PBXFileReference; fileEncoding = 4; lastKnownFileType = sourcecode.c.objc; path = ALContext.m; sourceTree = "<group>"; };
		A371C2551BF07ACC00A7D4C7 /* ALService.h */ = {isa = PBXFileReference; fileEncoding = 4; lastKnownFileType = sourcecode.c.h; path = ALService.h; sourceTree = "<group>"; };
		A371C2591BF07ADD00A7D4C7 /* ALModule.h */ = {isa = PBXFileReference; fileEncoding = 4; lastKnownFileType = sourcecode.c.h; path = ALModule.h; sourceTree = "<group>"; };
		A3B9D4461DDC0C7A00546C8C /* ALMacros.h */ = {isa = PBXFileReference; lastKnownFileType = sourcecode.c.h; path = ALMacros.h; sourceTree = "<group>"; };
		A3C7B2201C7DE4EC00C766BA /* ALTask.h */ = {isa = PBXFileReference; fileEncoding = 4; lastKnownFileType = sourcecode.c.h; path = ALTask.h; sourceTree = "<group>"; };
		A3C7B2211C7DE4EC00C766BA /* ALTask.m */ = {isa = PBXFileReference; fileEncoding = 4; lastKnownFileType = sourcecode.c.objc; path = ALTask.m; sourceTree = "<group>"; };
/* End PBXFileReference section */

/* Begin PBXFrameworksBuildPhase section */
		A371C23E1BF0798D00A7D4C7 /* Frameworks */ = {
			isa = PBXFrameworksBuildPhase;
			buildActionMask = 2147483647;
			files = (
			);
			runOnlyForDeploymentPostprocessing = 0;
		};
/* End PBXFrameworksBuildPhase section */

/* Begin PBXGroup section */
		A371C2381BF0798D00A7D4C7 = {
			isa = PBXGroup;
			children = (
				A371C2441BF0798D00A7D4C7 /* AppLord */,
				A371C2431BF0798D00A7D4C7 /* Products */,
			);
			sourceTree = "<group>";
		};
		A371C2431BF0798D00A7D4C7 /* Products */ = {
			isa = PBXGroup;
			children = (
				A371C2421BF0798D00A7D4C7 /* AppLord.framework */,
			);
			name = Products;
			sourceTree = "<group>";
		};
		A371C2441BF0798D00A7D4C7 /* AppLord */ = {
			isa = PBXGroup;
			children = (
				A3C7B2201C7DE4EC00C766BA /* ALTask.h */,
				A3C7B2211C7DE4EC00C766BA /* ALTask.m */,
				A371C2451BF0798D00A7D4C7 /* AppLord.h */,
				A371C2511BF07ABE00A7D4C7 /* ALContext.h */,
				A371C2521BF07ABE00A7D4C7 /* ALContext.m */,
				A371C2551BF07ACC00A7D4C7 /* ALService.h */,
				A371C2591BF07ADD00A7D4C7 /* ALModule.h */,
				A371C2471BF0798E00A7D4C7 /* Info.plist */,
				A3B9D4461DDC0C7A00546C8C /* ALMacros.h */,
			);
			path = AppLord;
			sourceTree = "<group>";
		};
/* End PBXGroup section */

/* Begin PBXHeadersBuildPhase section */
		A371C23F1BF0798D00A7D4C7 /* Headers */ = {
			isa = PBXHeadersBuildPhase;
			buildActionMask = 2147483647;
			files = (
				A3C7B2221C7DE4EC00C766BA /* ALTask.h in Headers */,
				A371C2461BF0798D00A7D4C7 /* AppLord.h in Headers */,
				A371C2531BF07ABE00A7D4C7 /* ALContext.h in Headers */,
				A371C2571BF07ACC00A7D4C7 /* ALService.h in Headers */,
				A371C25B1BF07ADD00A7D4C7 /* ALModule.h in Headers */,
			);
			runOnlyForDeploymentPostprocessing = 0;
		};
/* End PBXHeadersBuildPhase section */

/* Begin PBXNativeTarget section */
		A371C2411BF0798D00A7D4C7 /* AppLord */ = {
			isa = PBXNativeTarget;
			buildConfigurationList = A371C24A1BF0798E00A7D4C7 /* Build configuration list for PBXNativeTarget "AppLord" */;
			buildPhases = (
				A371C23D1BF0798D00A7D4C7 /* Sources */,
				A371C23E1BF0798D00A7D4C7 /* Frameworks */,
				A371C23F1BF0798D00A7D4C7 /* Headers */,
				A371C2401BF0798D00A7D4C7 /* Resources */,
			);
			buildRules = (
			);
			dependencies = (
			);
			name = AppLord;
			productName = AppLord;
			productReference = A371C2421BF0798D00A7D4C7 /* AppLord.framework */;
			productType = "com.apple.product-type.framework";
		};
/* End PBXNativeTarget section */

/* Begin PBXProject section */
		A371C2391BF0798D00A7D4C7 /* Project object */ = {
			isa = PBXProject;
			attributes = {
				LastUpgradeCheck = 0710;
				ORGANIZATIONNAME = cnbluebox;
				TargetAttributes = {
					A371C2411BF0798D00A7D4C7 = {
						CreatedOnToolsVersion = 7.1;
						DevelopmentTeam = N44L3X6FN9;
					};
				};
			};
			buildConfigurationList = A371C23C1BF0798D00A7D4C7 /* Build configuration list for PBXProject "AppLord" */;
			compatibilityVersion = "Xcode 3.2";
			developmentRegion = English;
			hasScannedForEncodings = 0;
			knownRegions = (
				en,
			);
			mainGroup = A371C2381BF0798D00A7D4C7;
			productRefGroup = A371C2431BF0798D00A7D4C7 /* Products */;
			projectDirPath = "";
			projectRoot = "";
			targets = (
				A371C2411BF0798D00A7D4C7 /* AppLord */,
			);
		};
/* End PBXProject section */

/* Begin PBXResourcesBuildPhase section */
		A371C2401BF0798D00A7D4C7 /* Resources */ = {
			isa = PBXResourcesBuildPhase;
			buildActionMask = 2147483647;
			files = (
			);
			runOnlyForDeploymentPostprocessing = 0;
		};
/* End PBXResourcesBuildPhase section */

/* Begin PBXSourcesBuildPhase section */
		A371C23D1BF0798D00A7D4C7 /* Sources */ = {
			isa = PBXSourcesBuildPhase;
			buildActionMask = 2147483647;
			files = (
				A371C2541BF07ABE00A7D4C7 /* ALContext.m in Sources */,
				A3C7B2231C7DE4EC00C766BA /* ALTask.m in Sources */,
			);
			runOnlyForDeploymentPostprocessing = 0;
		};
/* End PBXSourcesBuildPhase section */

/* Begin XCBuildConfiguration section */
		A371C2481BF0798E00A7D4C7 /* Debug */ = {
			isa = XCBuildConfiguration;
			buildSettings = {
				ALWAYS_SEARCH_USER_PATHS = NO;
				CLANG_CXX_LANGUAGE_STANDARD = "gnu++0x";
				CLANG_CXX_LIBRARY = "libc++";
				CLANG_ENABLE_MODULES = YES;
				CLANG_ENABLE_OBJC_ARC = YES;
				CLANG_WARN_BOOL_CONVERSION = YES;
				CLANG_WARN_CONSTANT_CONVERSION = YES;
				CLANG_WARN_DIRECT_OBJC_ISA_USAGE = YES_ERROR;
				CLANG_WARN_EMPTY_BODY = YES;
				CLANG_WARN_ENUM_CONVERSION = YES;
				CLANG_WARN_INT_CONVERSION = YES;
				CLANG_WARN_OBJC_ROOT_CLASS = YES_ERROR;
				CLANG_WARN_UNREACHABLE_CODE = YES;
				CLANG_WARN__DUPLICATE_METHOD_MATCH = YES;
				"CODE_SIGN_IDENTITY[sdk=iphoneos*]" = "iPhone Developer";
				COPY_PHASE_STRIP = NO;
				CURRENT_PROJECT_VERSION = 1;
				DEBUG_INFORMATION_FORMAT = dwarf;
				ENABLE_STRICT_OBJC_MSGSEND = YES;
				ENABLE_TESTABILITY = YES;
				GCC_C_LANGUAGE_STANDARD = gnu99;
				GCC_DYNAMIC_NO_PIC = NO;
				GCC_NO_COMMON_BLOCKS = YES;
				GCC_OPTIMIZATION_LEVEL = 0;
				GCC_PREPROCESSOR_DEFINITIONS = (
					"DEBUG=1",
					"$(inherited)",
				);
				GCC_WARN_64_TO_32_BIT_CONVERSION = YES;
				GCC_WARN_ABOUT_RETURN_TYPE = YES_ERROR;
				GCC_WARN_UNDECLARED_SELECTOR = YES;
				GCC_WARN_UNINITIALIZED_AUTOS = YES_AGGRESSIVE;
				GCC_WARN_UNUSED_FUNCTION = YES;
				GCC_WARN_UNUSED_VARIABLE = YES;
				IPHONEOS_DEPLOYMENT_TARGET = 9.1;
				MTL_ENABLE_DEBUG_INFO = YES;
				ONLY_ACTIVE_ARCH = YES;
				SDKROOT = iphoneos;
				TARGETED_DEVICE_FAMILY = "1,2";
				VERSIONING_SYSTEM = "apple-generic";
				VERSION_INFO_PREFIX = "";
			};
			name = Debug;
		};
		A371C2491BF0798E00A7D4C7 /* Release */ = {
			isa = XCBuildConfiguration;
			buildSettings = {
				ALWAYS_SEARCH_USER_PATHS = NO;
				CLANG_CXX_LANGUAGE_STANDARD = "gnu++0x";
				CLANG_CXX_LIBRARY = "libc++";
				CLANG_ENABLE_MODULES = YES;
				CLANG_ENABLE_OBJC_ARC = YES;
				CLANG_WARN_BOOL_CONVERSION = YES;
				CLANG_WARN_CONSTANT_CONVERSION = YES;
				CLANG_WARN_DIRECT_OBJC_ISA_USAGE = YES_ERROR;
				CLANG_WARN_EMPTY_BODY = YES;
				CLANG_WARN_ENUM_CONVERSION = YES;
				CLANG_WARN_INT_CONVERSION = YES;
				CLANG_WARN_OBJC_ROOT_CLASS = YES_ERROR;
				CLANG_WARN_UNREACHABLE_CODE = YES;
				CLANG_WARN__DUPLICATE_METHOD_MATCH = YES;
				"CODE_SIGN_IDENTITY[sdk=iphoneos*]" = "iPhone Developer";
				COPY_PHASE_STRIP = NO;
				CURRENT_PROJECT_VERSION = 1;
				DEBUG_INFORMATION_FORMAT = "dwarf-with-dsym";
				ENABLE_NS_ASSERTIONS = NO;
				ENABLE_STRICT_OBJC_MSGSEND = YES;
				GCC_C_LANGUAGE_STANDARD = gnu99;
				GCC_NO_COMMON_BLOCKS = YES;
				GCC_WARN_64_TO_32_BIT_CONVERSION = YES;
				GCC_WARN_ABOUT_RETURN_TYPE = YES_ERROR;
				GCC_WARN_UNDECLARED_SELECTOR = YES;
				GCC_WARN_UNINITIALIZED_AUTOS = YES_AGGRESSIVE;
				GCC_WARN_UNUSED_FUNCTION = YES;
				GCC_WARN_UNUSED_VARIABLE = YES;
				IPHONEOS_DEPLOYMENT_TARGET = 9.1;
				MTL_ENABLE_DEBUG_INFO = NO;
				SDKROOT = iphoneos;
				TARGETED_DEVICE_FAMILY = "1,2";
				VALIDATE_PRODUCT = YES;
				VERSIONING_SYSTEM = "apple-generic";
				VERSION_INFO_PREFIX = "";
			};
			name = Release;
		};
		A371C24B1BF0798E00A7D4C7 /* Debug */ = {
			isa = XCBuildConfiguration;
			buildSettings = {
				DEFINES_MODULE = YES;
				DYLIB_COMPATIBILITY_VERSION = 1;
				DYLIB_CURRENT_VERSION = 1;
				DYLIB_INSTALL_NAME_BASE = "@rpath";
				INFOPLIST_FILE = AppLord/Info.plist;
				INSTALL_PATH = "$(LOCAL_LIBRARY_DIR)/Frameworks";
				LD_RUNPATH_SEARCH_PATHS = "$(inherited) @executable_path/Frameworks @loader_path/Frameworks";
				PRODUCT_BUNDLE_IDENTIFIER = com.cnbluebox.AppLord;
				PRODUCT_NAME = "$(TARGET_NAME)";
				SKIP_INSTALL = YES;
			};
			name = Debug;
		};
		A371C24C1BF0798E00A7D4C7 /* Release */ = {
			isa = XCBuildConfiguration;
			buildSettings = {
				DEFINES_MODULE = YES;
				DYLIB_COMPATIBILITY_VERSION = 1;
				DYLIB_CURRENT_VERSION = 1;
				DYLIB_INSTALL_NAME_BASE = "@rpath";
				INFOPLIST_FILE = AppLord/Info.plist;
				INSTALL_PATH = "$(LOCAL_LIBRARY_DIR)/Frameworks";
				LD_RUNPATH_SEARCH_PATHS = "$(inherited) @executable_path/Frameworks @loader_path/Frameworks";
				PRODUCT_BUNDLE_IDENTIFIER = com.cnbluebox.AppLord;
				PRODUCT_NAME = "$(TARGET_NAME)";
				SKIP_INSTALL = YES;
			};
			name = Release;
		};
/* End XCBuildConfiguration section */

/* Begin XCConfigurationList section */
		A371C23C1BF0798D00A7D4C7 /* Build configuration list for PBXProject "AppLord" */ = {
			isa = XCConfigurationList;
			buildConfigurations = (
				A371C2481BF0798E00A7D4C7 /* Debug */,
				A371C2491BF0798E00A7D4C7 /* Release */,
			);
			defaultConfigurationIsVisible = 0;
			defaultConfigurationName = Release;
		};
		A371C24A1BF0798E00A7D4C7 /* Build configuration list for PBXNativeTarget "AppLord" */ = {
			isa = XCConfigurationList;
			buildConfigurations = (
				A371C24B1BF0798E00A7D4C7 /* Debug */,
				A371C24C1BF0798E00A7D4C7 /* Release */,
			);
			defaultConfigurationIsVisible = 0;
			defaultConfigurationName = Release;
		};
/* End XCConfigurationList section */
	};
	rootObject = A371C2391BF0798D00A7D4C7 /* Project object */;
}
